// !$*UTF8*$!
{
	archiveVersion = 1;
	classes = {
	};
	objectVersion = 50;
	objects = {

/* Begin PBXBuildFile section */
		EF0A77C425C6B7B7009596B1 /* AppDelegate.swift in Sources */ = {isa = PBXBuildFile; fileRef = EF0A77C325C6B7B7009596B1 /* AppDelegate.swift */; };
		EF0A77C625C6B7B7009596B1 /* SceneDelegate.swift in Sources */ = {isa = PBXBuildFile; fileRef = EF0A77C525C6B7B7009596B1 /* SceneDelegate.swift */; };
		EF0A77C825C6B7B7009596B1 /* ViewController.swift in Sources */ = {isa = PBXBuildFile; fileRef = EF0A77C725C6B7B7009596B1 /* ViewController.swift */; };
		EF0A77CB25C6B7B7009596B1 /* Main.storyboard in Resources */ = {isa = PBXBuildFile; fileRef = EF0A77C925C6B7B7009596B1 /* Main.storyboard */; };
		EF0A77CD25C6B7C0009596B1 /* Assets.xcassets in Resources */ = {isa = PBXBuildFile; fileRef = EF0A77CC25C6B7C0009596B1 /* Assets.xcassets */; };
		EF0A77D025C6B7C0009596B1 /* LaunchScreen.storyboard in Resources */ = {isa = PBXBuildFile; fileRef = EF0A77CE25C6B7C0009596B1 /* LaunchScreen.storyboard */; };
		EF0A77DB25C6B7C1009596B1 /* flixsterTests.swift in Sources */ = {isa = PBXBuildFile; fileRef = EF0A77DA25C6B7C1009596B1 /* flixsterTests.swift */; };
		EF0A77E625C6B7C1009596B1 /* flixsterUITests.swift in Sources */ = {isa = PBXBuildFile; fileRef = EF0A77E525C6B7C1009596B1 /* flixsterUITests.swift */; };
/* End PBXBuildFile section */

/* Begin PBXContainerItemProxy section */
		EF0A77D725C6B7C1009596B1 /* PBXContainerItemProxy */ = {
			isa = PBXContainerItemProxy;
			containerPortal = EF0A77B825C6B7B7009596B1 /* Project object */;
			proxyType = 1;
			remoteGlobalIDString = EF0A77BF25C6B7B7009596B1;
			remoteInfo = flixster;
		};
		EF0A77E225C6B7C1009596B1 /* PBXContainerItemProxy */ = {
			isa = PBXContainerItemProxy;
			containerPortal = EF0A77B825C6B7B7009596B1 /* Project object */;
			proxyType = 1;
			remoteGlobalIDString = EF0A77BF25C6B7B7009596B1;
			remoteInfo = flixster;
		};
/* End PBXContainerItemProxy section */

/* Begin PBXFileReference section */
		EF0A77C025C6B7B7009596B1 /* flixster.app */ = {isa = PBXFileReference; explicitFileType = wrapper.application; includeInIndex = 0; path = flixster.app; sourceTree = BUILT_PRODUCTS_DIR; };
		EF0A77C325C6B7B7009596B1 /* AppDelegate.swift */ = {isa = PBXFileReference; lastKnownFileType = sourcecode.swift; path = AppDelegate.swift; sourceTree = "<group>"; };
		EF0A77C525C6B7B7009596B1 /* SceneDelegate.swift */ = {isa = PBXFileReference; lastKnownFileType = sourcecode.swift; path = SceneDelegate.swift; sourceTree = "<group>"; };
		EF0A77C725C6B7B7009596B1 /* ViewController.swift */ = {isa = PBXFileReference; lastKnownFileType = sourcecode.swift; path = ViewController.swift; sourceTree = "<group>"; };
		EF0A77CA25C6B7B7009596B1 /* Base */ = {isa = PBXFileReference; lastKnownFileType = file.storyboard; name = Base; path = Base.lproj/Main.storyboard; sourceTree = "<group>"; };
		EF0A77CC25C6B7C0009596B1 /* Assets.xcassets */ = {isa = PBXFileReference; lastKnownFileType = folder.assetcatalog; path = Assets.xcassets; sourceTree = "<group>"; };
		EF0A77CF25C6B7C0009596B1 /* Base */ = {isa = PBXFileReference; lastKnownFileType = file.storyboard; name = Base; path = Base.lproj/LaunchScreen.storyboard; sourceTree = "<group>"; };
		EF0A77D125C6B7C0009596B1 /* Info.plist */ = {isa = PBXFileReference; lastKnownFileType = text.plist.xml; path = Info.plist; sourceTree = "<group>"; };
		EF0A77D625C6B7C1009596B1 /* flixsterTests.xctest */ = {isa = PBXFileReference; explicitFileType = wrapper.cfbundle; includeInIndex = 0; path = flixsterTests.xctest; sourceTree = BUILT_PRODUCTS_DIR; };
		EF0A77DA25C6B7C1009596B1 /* flixsterTests.swift */ = {isa = PBXFileReference; lastKnownFileType = sourcecode.swift; path = flixsterTests.swift; sourceTree = "<group>"; };
		EF0A77DC25C6B7C1009596B1 /* Info.plist */ = {isa = PBXFileReference; lastKnownFileType = text.plist.xml; path = Info.plist; sourceTree = "<group>"; };
		EF0A77E125C6B7C1009596B1 /* flixsterUITests.xctest */ = {isa = PBXFileReference; explicitFileType = wrapper.cfbundle; includeInIndex = 0; path = flixsterUITests.xctest; sourceTree = BUILT_PRODUCTS_DIR; };
		EF0A77E525C6B7C1009596B1 /* flixsterUITests.swift */ = {isa = PBXFileReference; lastKnownFileType = sourcecode.swift; path = flixsterUITests.swift; sourceTree = "<group>"; };
		EF0A77E725C6B7C1009596B1 /* Info.plist */ = {isa = PBXFileReference; lastKnownFileType = text.plist.xml; path = Info.plist; sourceTree = "<group>"; };
/* End PBXFileReference section */

/* Begin PBXFrameworksBuildPhase section */
		EF0A77BD25C6B7B7009596B1 /* Frameworks */ = {
			isa = PBXFrameworksBuildPhase;
			buildActionMask = 2147483647;
			files = (
			);
			runOnlyForDeploymentPostprocessing = 0;
		};
		EF0A77D325C6B7C1009596B1 /* Frameworks */ = {
			isa = PBXFrameworksBuildPhase;
			buildActionMask = 2147483647;
			files = (
			);
			runOnlyForDeploymentPostprocessing = 0;
		};
		EF0A77DE25C6B7C1009596B1 /* Frameworks */ = {
			isa = PBXFrameworksBuildPhase;
			buildActionMask = 2147483647;
			files = (
			);
			runOnlyForDeploymentPostprocessing = 0;
		};
/* End PBXFrameworksBuildPhase section */

/* Begin PBXGroup section */
		EF0A77B725C6B7B7009596B1 = {
			isa = PBXGroup;
			children = (
				EF0A77C225C6B7B7009596B1 /* flixster */,
				EF0A77D925C6B7C1009596B1 /* flixsterTests */,
				EF0A77E425C6B7C1009596B1 /* flixsterUITests */,
				EF0A77C125C6B7B7009596B1 /* Products */,
			);
			sourceTree = "<group>";
		};
		EF0A77C125C6B7B7009596B1 /* Products */ = {
			isa = PBXGroup;
			children = (
				EF0A77C025C6B7B7009596B1 /* flixster.app */,
				EF0A77D625C6B7C1009596B1 /* flixsterTests.xctest */,
				EF0A77E125C6B7C1009596B1 /* flixsterUITests.xctest */,
			);
			name = Products;
			sourceTree = "<group>";
		};
		EF0A77C225C6B7B7009596B1 /* flixster */ = {
			isa = PBXGroup;
			children = (
				EF0A77C325C6B7B7009596B1 /* AppDelegate.swift */,
				EF0A77C525C6B7B7009596B1 /* SceneDelegate.swift */,
				EF0A77C725C6B7B7009596B1 /* ViewController.swift */,
				EF0A77C925C6B7B7009596B1 /* Main.storyboard */,
				EF0A77CC25C6B7C0009596B1 /* Assets.xcassets */,
				EF0A77CE25C6B7C0009596B1 /* LaunchScreen.storyboard */,
				EF0A77D125C6B7C0009596B1 /* Info.plist */,
			);
			path = flixster;
			sourceTree = "<group>";
		};
		EF0A77D925C6B7C1009596B1 /* flixsterTests */ = {
			isa = PBXGroup;
			children = (
				EF0A77DA25C6B7C1009596B1 /* flixsterTests.swift */,
				EF0A77DC25C6B7C1009596B1 /* Info.plist */,
			);
			path = flixsterTests;
			sourceTree = "<group>";
		};
		EF0A77E425C6B7C1009596B1 /* flixsterUITests */ = {
			isa = PBXGroup;
			children = (
				EF0A77E525C6B7C1009596B1 /* flixsterUITests.swift */,
				EF0A77E725C6B7C1009596B1 /* Info.plist */,
			);
			path = flixsterUITests;
			sourceTree = "<group>";
		};
/* End PBXGroup section */

/* Begin PBXNativeTarget section */
		EF0A77BF25C6B7B7009596B1 /* flixster */ = {
			isa = PBXNativeTarget;
			buildConfigurationList = EF0A77EA25C6B7C1009596B1 /* Build configuration list for PBXNativeTarget "flixster" */;
			buildPhases = (
				EF0A77BC25C6B7B7009596B1 /* Sources */,
				EF0A77BD25C6B7B7009596B1 /* Frameworks */,
				EF0A77BE25C6B7B7009596B1 /* Resources */,
			);
			buildRules = (
			);
			dependencies = (
			);
			name = flixster;
			productName = flixster;
			productReference = EF0A77C025C6B7B7009596B1 /* flixster.app */;
			productType = "com.apple.product-type.application";
		};
		EF0A77D525C6B7C1009596B1 /* flixsterTests */ = {
			isa = PBXNativeTarget;
			buildConfigurationList = EF0A77ED25C6B7C1009596B1 /* Build configuration list for PBXNativeTarget "flixsterTests" */;
			buildPhases = (
				EF0A77D225C6B7C1009596B1 /* Sources */,
				EF0A77D325C6B7C1009596B1 /* Frameworks */,
				EF0A77D425C6B7C1009596B1 /* Resources */,
			);
			buildRules = (
			);
			dependencies = (
				EF0A77D825C6B7C1009596B1 /* PBXTargetDependency */,
			);
			name = flixsterTests;
			productName = flixsterTests;
			productReference = EF0A77D625C6B7C1009596B1 /* flixsterTests.xctest */;
			productType = "com.apple.product-type.bundle.unit-test";
		};
		EF0A77E025C6B7C1009596B1 /* flixsterUITests */ = {
			isa = PBXNativeTarget;
			buildConfigurationList = EF0A77F025C6B7C1009596B1 /* Build configuration list for PBXNativeTarget "flixsterUITests" */;
			buildPhases = (
				EF0A77DD25C6B7C1009596B1 /* Sources */,
				EF0A77DE25C6B7C1009596B1 /* Frameworks */,
				EF0A77DF25C6B7C1009596B1 /* Resources */,
			);
			buildRules = (
			);
			dependencies = (
				EF0A77E325C6B7C1009596B1 /* PBXTargetDependency */,
			);
			name = flixsterUITests;
			productName = flixsterUITests;
			productReference = EF0A77E125C6B7C1009596B1 /* flixsterUITests.xctest */;
			productType = "com.apple.product-type.bundle.ui-testing";
		};
/* End PBXNativeTarget section */

/* Begin PBXProject section */
		EF0A77B825C6B7B7009596B1 /* Project object */ = {
			isa = PBXProject;
			attributes = {
				LastSwiftUpdateCheck = 1230;
				LastUpgradeCheck = 1230;
				TargetAttributes = {
					EF0A77BF25C6B7B7009596B1 = {
						CreatedOnToolsVersion = 12.3;
					};
					EF0A77D525C6B7C1009596B1 = {
						CreatedOnToolsVersion = 12.3;
						TestTargetID = EF0A77BF25C6B7B7009596B1;
					};
					EF0A77E025C6B7C1009596B1 = {
						CreatedOnToolsVersion = 12.3;
						TestTargetID = EF0A77BF25C6B7B7009596B1;
					};
				};
			};
			buildConfigurationList = EF0A77BB25C6B7B7009596B1 /* Build configuration list for PBXProject "flixster" */;
			compatibilityVersion = "Xcode 9.3";
			developmentRegion = en;
			hasScannedForEncodings = 0;
			knownRegions = (
				en,
				Base,
			);
			mainGroup = EF0A77B725C6B7B7009596B1;
			productRefGroup = EF0A77C125C6B7B7009596B1 /* Products */;
			projectDirPath = "";
			projectRoot = "";
			targets = (
				EF0A77BF25C6B7B7009596B1 /* flixster */,
				EF0A77D525C6B7C1009596B1 /* flixsterTests */,
				EF0A77E025C6B7C1009596B1 /* flixsterUITests */,
			);
		};
/* End PBXProject section */

/* Begin PBXResourcesBuildPhase section */
		EF0A77BE25C6B7B7009596B1 /* Resources */ = {
			isa = PBXResourcesBuildPhase;
			buildActionMask = 2147483647;
			files = (
				EF0A77D025C6B7C0009596B1 /* LaunchScreen.storyboard in Resources */,
				EF0A77CD25C6B7C0009596B1 /* Assets.xcassets in Resources */,
				EF0A77CB25C6B7B7009596B1 /* Main.storyboard in Resources */,
			);
			runOnlyForDeploymentPostprocessing = 0;
		};
		EF0A77D425C6B7C1009596B1 /* Resources */ = {
			isa = PBXResourcesBuildPhase;
			buildActionMask = 2147483647;
			files = (
			);
			runOnlyForDeploymentPostprocessing = 0;
		};
		EF0A77DF25C6B7C1009596B1 /* Resources */ = {
			isa = PBXResourcesBuildPhase;
			buildActionMask = 2147483647;
			files = (
			);
			runOnlyForDeploymentPostprocessing = 0;
		};
/* End PBXResourcesBuildPhase section */

/* Begin PBXSourcesBuildPhase section */
		EF0A77BC25C6B7B7009596B1 /* Sources */ = {
			isa = PBXSourcesBuildPhase;
			buildActionMask = 2147483647;
			files = (
				EF0A77C825C6B7B7009596B1 /* ViewController.swift in Sources */,
				EF0A77C425C6B7B7009596B1 /* AppDelegate.swift in Sources */,
				EF0A77C625C6B7B7009596B1 /* SceneDelegate.swift in Sources */,
			);
			runOnlyForDeploymentPostprocessing = 0;
		};
		EF0A77D225C6B7C1009596B1 /* Sources */ = {
			isa = PBXSourcesBuildPhase;
			buildActionMask = 2147483647;
			files = (
				EF0A77DB25C6B7C1009596B1 /* flixsterTests.swift in Sources */,
			);
			runOnlyForDeploymentPostprocessing = 0;
		};
		EF0A77DD25C6B7C1009596B1 /* Sources */ = {
			isa = PBXSourcesBuildPhase;
			buildActionMask = 2147483647;
			files = (
				EF0A77E625C6B7C1009596B1 /* flixsterUITests.swift in Sources */,
			);
			runOnlyForDeploymentPostprocessing = 0;
		};
/* End PBXSourcesBuildPhase section */

/* Begin PBXTargetDependency section */
		EF0A77D825C6B7C1009596B1 /* PBXTargetDependency */ = {
			isa = PBXTargetDependency;
			target = EF0A77BF25C6B7B7009596B1 /* flixster */;
			targetProxy = EF0A77D725C6B7C1009596B1 /* PBXContainerItemProxy */;
		};
		EF0A77E325C6B7C1009596B1 /* PBXTargetDependency */ = {
			isa = PBXTargetDependency;
			target = EF0A77BF25C6B7B7009596B1 /* flixster */;
			targetProxy = EF0A77E225C6B7C1009596B1 /* PBXContainerItemProxy */;
		};
/* End PBXTargetDependency section */

/* Begin PBXVariantGroup section */
		EF0A77C925C6B7B7009596B1 /* Main.storyboard */ = {
			isa = PBXVariantGroup;
			children = (
				EF0A77CA25C6B7B7009596B1 /* Base */,
			);
			name = Main.storyboard;
			sourceTree = "<group>";
		};
		EF0A77CE25C6B7C0009596B1 /* LaunchScreen.storyboard */ = {
			isa = PBXVariantGroup;
			children = (
				EF0A77CF25C6B7C0009596B1 /* Base */,
			);
			name = LaunchScreen.storyboard;
			sourceTree = "<group>";
		};
/* End PBXVariantGroup section */

/* Begin XCBuildConfiguration section */
		EF0A77E825C6B7C1009596B1 /* Debug */ = {
			isa = XCBuildConfiguration;
			buildSettings = {
				ALWAYS_SEARCH_USER_PATHS = NO;
				CLANG_ANALYZER_NONNULL = YES;
				CLANG_ANALYZER_NUMBER_OBJECT_CONVERSION = YES_AGGRESSIVE;
				CLANG_CXX_LANGUAGE_STANDARD = "gnu++14";
				CLANG_CXX_LIBRARY = "libc++";
				CLANG_ENABLE_MODULES = YES;
				CLANG_ENABLE_OBJC_ARC = YES;
				CLANG_ENABLE_OBJC_WEAK = YES;
				CLANG_WARN_BLOCK_CAPTURE_AUTORELEASING = YES;
				CLANG_WARN_BOOL_CONVERSION = YES;
				CLANG_WARN_COMMA = YES;
				CLANG_WARN_CONSTANT_CONVERSION = YES;
				CLANG_WARN_DEPRECATED_OBJC_IMPLEMENTATIONS = YES;
				CLANG_WARN_DIRECT_OBJC_ISA_USAGE = YES_ERROR;
				CLANG_WARN_DOCUMENTATION_COMMENTS = YES;
				CLANG_WARN_EMPTY_BODY = YES;
				CLANG_WARN_ENUM_CONVERSION = YES;
				CLANG_WARN_INFINITE_RECURSION = YES;
				CLANG_WARN_INT_CONVERSION = YES;
				CLANG_WARN_NON_LITERAL_NULL_CONVERSION = YES;
				CLANG_WARN_OBJC_IMPLICIT_RETAIN_SELF = YES;
				CLANG_WARN_OBJC_LITERAL_CONVERSION = YES;
				CLANG_WARN_OBJC_ROOT_CLASS = YES_ERROR;
				CLANG_WARN_QUOTED_INCLUDE_IN_FRAMEWORK_HEADER = YES;
				CLANG_WARN_RANGE_LOOP_ANALYSIS = YES;
				CLANG_WARN_STRICT_PROTOTYPES = YES;
				CLANG_WARN_SUSPICIOUS_MOVE = YES;
				CLANG_WARN_UNGUARDED_AVAILABILITY = YES_AGGRESSIVE;
				CLANG_WARN_UNREACHABLE_CODE = YES;
				CLANG_WARN__DUPLICATE_METHOD_MATCH = YES;
				COPY_PHASE_STRIP = NO;
				DEBUG_INFORMATION_FORMAT = dwarf;
				ENABLE_STRICT_OBJC_MSGSEND = YES;
				ENABLE_TESTABILITY = YES;
				GCC_C_LANGUAGE_STANDARD = gnu11;
				GCC_DYNAMIC_NO_PIC = NO;
				GCC_NO_COMMON_BLOCKS = YES;
				GCC_OPTIMIZATION_LEVEL = 0;
				GCC_PREPROCESSOR_DEFINITIONS = (
					"DEBUG=1",
					"$(inherited)",
				);
				GCC_WARN_64_TO_32_BIT_CONVERSION = YES;
				GCC_WARN_ABOUT_RETURN_TYPE = YES_ERROR;
				GCC_WARN_UNDECLARED_SELECTOR = YES;
				GCC_WARN_UNINITIALIZED_AUTOS = YES_AGGRESSIVE;
				GCC_WARN_UNUSED_FUNCTION = YES;
				GCC_WARN_UNUSED_VARIABLE = YES;
				IPHONEOS_DEPLOYMENT_TARGET = 14.3;
				MTL_ENABLE_DEBUG_INFO = INCLUDE_SOURCE;
				MTL_FAST_MATH = YES;
				ONLY_ACTIVE_ARCH = YES;
				SDKROOT = iphoneos;
				SWIFT_ACTIVE_COMPILATION_CONDITIONS = DEBUG;
				SWIFT_OPTIMIZATION_LEVEL = "-Onone";
			};
			name = Debug;
		};
		EF0A77E925C6B7C1009596B1 /* Release */ = {
			isa = XCBuildConfiguration;
			buildSettings = {
				ALWAYS_SEARCH_USER_PATHS = NO;
				CLANG_ANALYZER_NONNULL = YES;
				CLANG_ANALYZER_NUMBER_OBJECT_CONVERSION = YES_AGGRESSIVE;
				CLANG_CXX_LANGUAGE_STANDARD = "gnu++14";
				CLANG_CXX_LIBRARY = "libc++";
				CLANG_ENABLE_MODULES = YES;
				CLANG_ENABLE_OBJC_ARC = YES;
				CLANG_ENABLE_OBJC_WEAK = YES;
				CLANG_WARN_BLOCK_CAPTURE_AUTORELEASING = YES;
				CLANG_WARN_BOOL_CONVERSION = YES;
				CLANG_WARN_COMMA = YES;
				CLANG_WARN_CONSTANT_CONVERSION = YES;
				CLANG_WARN_DEPRECATED_OBJC_IMPLEMENTATIONS = YES;
				CLANG_WARN_DIRECT_OBJC_ISA_USAGE = YES_ERROR;
				CLANG_WARN_DOCUMENTATION_COMMENTS = YES;
				CLANG_WARN_EMPTY_BODY = YES;
				CLANG_WARN_ENUM_CONVERSION = YES;
				CLANG_WARN_INFINITE_RECURSION = YES;
				CLANG_WARN_INT_CONVERSION = YES;
				CLANG_WARN_NON_LITERAL_NULL_CONVERSION = YES;
				CLANG_WARN_OBJC_IMPLICIT_RETAIN_SELF = YES;
				CLANG_WARN_OBJC_LITERAL_CONVERSION = YES;
				CLANG_WARN_OBJC_ROOT_CLASS = YES_ERROR;
				CLANG_WARN_QUOTED_INCLUDE_IN_FRAMEWORK_HEADER = YES;
				CLANG_WARN_RANGE_LOOP_ANALYSIS = YES;
				CLANG_WARN_STRICT_PROTOTYPES = YES;
				CLANG_WARN_SUSPICIOUS_MOVE = YES;
				CLANG_WARN_UNGUARDED_AVAILABILITY = YES_AGGRESSIVE;
				CLANG_WARN_UNREACHABLE_CODE = YES;
				CLANG_WARN__DUPLICATE_METHOD_MATCH = YES;
				COPY_PHASE_STRIP = NO;
				DEBUG_INFORMATION_FORMAT = "dwarf-with-dsym";
				ENABLE_NS_ASSERTIONS = NO;
				ENABLE_STRICT_OBJC_MSGSEND = YES;
				GCC_C_LANGUAGE_STANDARD = gnu11;
				GCC_NO_COMMON_BLOCKS = YES;
				GCC_WARN_64_TO_32_BIT_CONVERSION = YES;
				GCC_WARN_ABOUT_RETURN_TYPE = YES_ERROR;
				GCC_WARN_UNDECLARED_SELECTOR = YES;
				GCC_WARN_UNINITIALIZED_AUTOS = YES_AGGRESSIVE;
				GCC_WARN_UNUSED_FUNCTION = YES;
				GCC_WARN_UNUSED_VARIABLE = YES;
				IPHONEOS_DEPLOYMENT_TARGET = 14.3;
				MTL_ENABLE_DEBUG_INFO = NO;
				MTL_FAST_MATH = YES;
				SDKROOT = iphoneos;
				SWIFT_COMPILATION_MODE = wholemodule;
				SWIFT_OPTIMIZATION_LEVEL = "-O";
				VALIDATE_PRODUCT = YES;
			};
			name = Release;
		};
		EF0A77EB25C6B7C1009596B1 /* Debug */ = {
			isa = XCBuildConfiguration;
			buildSettings = {
				ASSETCATALOG_COMPILER_APPICON_NAME = AppIcon;
				ASSETCATALOG_COMPILER_GLOBAL_ACCENT_COLOR_NAME = AccentColor;
				CODE_SIGN_STYLE = Automatic;
				INFOPLIST_FILE = flixster/Info.plist;
				LD_RUNPATH_SEARCH_PATHS = (
					"$(inherited)",
					"@executable_path/Frameworks",
				);
				PRODUCT_BUNDLE_IDENTIFIER = memo.com.flixster;
				PRODUCT_NAME = "$(TARGET_NAME)";
				SWIFT_VERSION = 5.0;
				TARGETED_DEVICE_FAMILY = "1,2";
			};
			name = Debug;
		};
		EF0A77EC25C6B7C1009596B1 /* Release */ = {
			isa = XCBuildConfiguration;
			buildSettings = {
				ASSETCATALOG_COMPILER_APPICON_NAME = AppIcon;
				ASSETCATALOG_COMPILER_GLOBAL_ACCENT_COLOR_NAME = AccentColor;
				CODE_SIGN_STYLE = Automatic;
				INFOPLIST_FILE = flixster/Info.plist;
				LD_RUNPATH_SEARCH_PATHS = (
					"$(inherited)",
					"@executable_path/Frameworks",
				);
				PRODUCT_BUNDLE_IDENTIFIER = memo.com.flixster;
				PRODUCT_NAME = "$(TARGET_NAME)";
				SWIFT_VERSION = 5.0;
				TARGETED_DEVICE_FAMILY = "1,2";
			};
			name = Release;
		};
		EF0A77EE25C6B7C1009596B1 /* Debug */ = {
			isa = XCBuildConfiguration;
			buildSettings = {
				ALWAYS_EMBED_SWIFT_STANDARD_LIBRARIES = YES;
				BUNDLE_LOADER = "$(TEST_HOST)";
				CODE_SIGN_STYLE = Automatic;
				INFOPLIST_FILE = flixsterTests/Info.plist;
				IPHONEOS_DEPLOYMENT_TARGET = 14.3;
				LD_RUNPATH_SEARCH_PATHS = (
					"$(inherited)",
					"@executable_path/Frameworks",
					"@loader_path/Frameworks",
				);
				PRODUCT_BUNDLE_IDENTIFIER = memo.com.flixsterTests;
				PRODUCT_NAME = "$(TARGET_NAME)";
				SWIFT_VERSION = 5.0;
				TARGETED_DEVICE_FAMILY = "1,2";
				TEST_HOST = "$(BUILT_PRODUCTS_DIR)/flixster.app/flixster";
			};
			name = Debug;
		};
		EF0A77EF25C6B7C1009596B1 /* Release */ = {
			isa = XCBuildConfiguration;
			buildSettings = {
				ALWAYS_EMBED_SWIFT_STANDARD_LIBRARIES = YES;
				BUNDLE_LOADER = "$(TEST_HOST)";
				CODE_SIGN_STYLE = Automatic;
				INFOPLIST_FILE = flixsterTests/Info.plist;
				IPHONEOS_DEPLOYMENT_TARGET = 14.3;
				LD_RUNPATH_SEARCH_PATHS = (
					"$(inherited)",
					"@executable_path/Frameworks",
					"@loader_path/Frameworks",
				);
				PRODUCT_BUNDLE_IDENTIFIER = memo.com.flixsterTests;
				PRODUCT_NAME = "$(TARGET_NAME)";
				SWIFT_VERSION = 5.0;
				TARGETED_DEVICE_FAMILY = "1,2";
				TEST_HOST = "$(BUILT_PRODUCTS_DIR)/flixster.app/flixster";
			};
			name = Release;
		};
		EF0A77F125C6B7C1009596B1 /* Debug */ = {
			isa = XCBuildConfiguration;
			buildSettings = {
				ALWAYS_EMBED_SWIFT_STANDARD_LIBRARIES = YES;
				CODE_SIGN_STYLE = Automatic;
				INFOPLIST_FILE = flixsterUITests/Info.plist;
				LD_RUNPATH_SEARCH_PATHS = (
					"$(inherited)",
					"@executable_path/Frameworks",
					"@loader_path/Frameworks",
				);
				PRODUCT_BUNDLE_IDENTIFIER = memo.com.flixsterUITests;
				PRODUCT_NAME = "$(TARGET_NAME)";
				SWIFT_VERSION = 5.0;
				TARGETED_DEVICE_FAMILY = "1,2";
				TEST_TARGET_NAME = flixster;
			};
			name = Debug;
		};
		EF0A77F225C6B7C1009596B1 /* Release */ = {
			isa = XCBuildConfiguration;
			buildSettings = {
				ALWAYS_EMBED_SWIFT_STANDARD_LIBRARIES = YES;
				CODE_SIGN_STYLE = Automatic;
				INFOPLIST_FILE = flixsterUITests/Info.plist;
				LD_RUNPATH_SEARCH_PATHS = (
					"$(inherited)",
					"@executable_path/Frameworks",
					"@loader_path/Frameworks",
				);
				PRODUCT_BUNDLE_IDENTIFIER = memo.com.flixsterUITests;
				PRODUCT_NAME = "$(TARGET_NAME)";
				SWIFT_VERSION = 5.0;
				TARGETED_DEVICE_FAMILY = "1,2";
				TEST_TARGET_NAME = flixster;
			};
			name = Release;
		};
/* End XCBuildConfiguration section */

/* Begin XCConfigurationList section */
		EF0A77BB25C6B7B7009596B1 /* Build configuration list for PBXProject "flixster" */ = {
			isa = XCConfigurationList;
			buildConfigurations = (
				EF0A77E825C6B7C1009596B1 /* Debug */,
				EF0A77E925C6B7C1009596B1 /* Release */,
			);
			defaultConfigurationIsVisible = 0;
			defaultConfigurationName = Release;
		};
		EF0A77EA25C6B7C1009596B1 /* Build configuration list for PBXNativeTarget "flixster" */ = {
			isa = XCConfigurationList;
			buildConfigurations = (
				EF0A77EB25C6B7C1009596B1 /* Debug */,
				EF0A77EC25C6B7C1009596B1 /* Release */,
			);
			defaultConfigurationIsVisible = 0;
			defaultConfigurationName = Release;
		};
		EF0A77ED25C6B7C1009596B1 /* Build configuration list for PBXNativeTarget "flixsterTests" */ = {
			isa = XCConfigurationList;
			buildConfigurations = (
				EF0A77EE25C6B7C1009596B1 /* Debug */,
				EF0A77EF25C6B7C1009596B1 /* Release */,
			);
			defaultConfigurationIsVisible = 0;
			defaultConfigurationName = Release;
		};
		EF0A77F025C6B7C1009596B1 /* Build configuration list for PBXNativeTarget "flixsterUITests" */ = {
			isa = XCConfigurationList;
			buildConfigurations = (
				EF0A77F125C6B7C1009596B1 /* Debug */,
				EF0A77F225C6B7C1009596B1 /* Release */,
			);
			defaultConfigurationIsVisible = 0;
			defaultConfigurationName = Release;
		};
/* End XCConfigurationList section */
	};
	rootObject = EF0A77B825C6B7B7009596B1 /* Project object */;
}
